
Microsoft Visual Studio Solution File, Format Version 12.00
# Visual Studio Version 17
VisualStudioVersion = 17.4.33110.190
MinimumVisualStudioVersion = 10.0.40219.1
Project("{FAE04EC0-301F-11D3-BF4B-00C04F79EFBC}") = "CalculatorApp3", "CalculatorApp3.csproj", "{EB972111-ED3F-4F61-9C61-DC08299A6971}"
EndProject
Global
	GlobalSection(SolutionConfigurationPlatforms) = preSolution
		Debug|Any CPU = Debug|Any CPU
		Release|Any CPU = Release|Any CPU
	EndGlobalSection
	GlobalSection(ProjectConfigurationPlatforms) = postSolution
		{EB972111-ED3F-4F61-9C61-DC08299A6971}.Debug|Any CPU.ActiveCfg = Debug|Any CPU
		{EB972111-ED3F-4F61-9C61-DC08299A6971}.Debug|Any CPU.Build.0 = Debug|Any CPU
		{EB972111-ED3F-4F61-9C61-DC08299A6971}.Release|Any CPU.ActiveCfg = Release|Any CPU
		{EB972111-ED3F-4F61-9C61-DC08299A6971}.Release|Any CPU.Build.0 = Release|Any CPU
	EndGlobalSection
	GlobalSection(SolutionProperties) = preSolution
		HideSolutionNode = FALSE
	EndGlobalSection
	GlobalSection(ExtensibilityGlobals) = postSolution
		SolutionGuid = {678DDAFE-AA41-4200-831C-E0F76CE2A23F}
	EndGlobalSection
EndGlobal
